
Microsoft Visual Studio Solution File, Format Version 12.00
# Visual Studio Version 16
VisualStudioVersion = 16.0.33214.272
MinimumVisualStudioVersion = 10.0.40219.1
Project("{FAE04EC0-301F-11D3-BF4B-00C04F79EFBC}") = "shopping Cart", "shopping Cart\shopping Cart.csproj", "{5699776F-F44E-46EE-8256-5BF48FA337A8}"
EndProject
Global
	GlobalSection(SolutionConfigurationPlatforms) = preSolution
		Debug|Any CPU = Debug|Any CPU
		Release|Any CPU = Release|Any CPU
	EndGlobalSection
	GlobalSection(ProjectConfigurationPlatforms) = postSolution
		{5699776F-F44E-46EE-8256-5BF48FA337A8}.Debug|Any CPU.ActiveCfg = Debug|Any CPU
		{5699776F-F44E-46EE-8256-5BF48FA337A8}.Debug|Any CPU.Build.0 = Debug|Any CPU
		{5699776F-F44E-46EE-8256-5BF48FA337A8}.Release|Any CPU.ActiveCfg = Release|Any CPU
		{5699776F-F44E-46EE-8256-5BF48FA337A8}.Release|Any CPU.Build.0 = Release|Any CPU
	EndGlobalSection
	GlobalSection(SolutionProperties) = preSolution
		HideSolutionNode = FALSE
	EndGlobalSection
	GlobalSection(ExtensibilityGlobals) = postSolution
		SolutionGuid = {3467E445-C612-451B-A189-F6E69AFCCD6B}
	EndGlobalSection
EndGlobal
